// !$*UTF8*$!
{
	archiveVersion = 1;
	classes = {
	};
	objectVersion = 46;
	objects = {

/* Begin PBXBuildFile section */
		9A0920A91CE195E10079523F /* CYEssenceViewController.m in Sources */ = {isa = PBXBuildFile; fileRef = 9A0920841CE195E10079523F /* CYEssenceViewController.m */; };
		9A0920AA1CE195E10079523F /* CYFriendTendsViewController.m in Sources */ = {isa = PBXBuildFile; fileRef = 9A09208A1CE195E10079523F /* CYFriendTendsViewController.m */; };
		9A0920AB1CE195E10079523F /* CYMeViewController.m in Sources */ = {isa = PBXBuildFile; fileRef = 9A0920901CE195E10079523F /* CYMeViewController.m */; };
		9A0920AC1CE195E10079523F /* CYNewViewController.m in Sources */ = {isa = PBXBuildFile; fileRef = 9A0920961CE195E10079523F /* CYNewViewController.m */; };
		9A0920AD1CE195E10079523F /* AppDelegate.m in Sources */ = {isa = PBXBuildFile; fileRef = 9A09209B1CE195E10079523F /* AppDelegate.m */; };
		9A0920AE1CE195E10079523F /* UIBarButtonItem+CYExtension.m in Sources */ = {isa = PBXBuildFile; fileRef = 9A09209E1CE195E10079523F /* UIBarButtonItem+CYExtension.m */; };
		9A0920AF1CE195E10079523F /* UIView+CYExtension.m in Sources */ = {isa = PBXBuildFile; fileRef = 9A0920A01CE195E10079523F /* UIView+CYExtension.m */; };
		9A0920B01CE195E10079523F /* CYTabBarController.m in Sources */ = {isa = PBXBuildFile; fileRef = 9A0920A31CE195E10079523F /* CYTabBarController.m */; };
		9A0920B11CE195E10079523F /* main.m in Sources */ = {isa = PBXBuildFile; fileRef = 9A0920A41CE195E10079523F /* main.m */; };
		9A0920B21CE195E10079523F /* CYTabBar.m in Sources */ = {isa = PBXBuildFile; fileRef = 9A0920A81CE195E10079523F /* CYTabBar.m */; };
		9A0920B51CE1DDBA0079523F /* CYNavigationController.m in Sources */ = {isa = PBXBuildFile; fileRef = 9A0920B41CE1DDBA0079523F /* CYNavigationController.m */; };
		9AA2B7CF1CE5833A00E223C4 /* CYFriendTendsViewController.xib in Resources */ = {isa = PBXBuildFile; fileRef = 9AA2B7CE1CE5833A00E223C4 /* CYFriendTendsViewController.xib */; };
		9ACE4AAD1CCF639200802D5C /* Assets.xcassets in Resources */ = {isa = PBXBuildFile; fileRef = 9ACE4AAC1CCF639200802D5C /* Assets.xcassets */; };
		9ACE4AB01CCF639200802D5C /* LaunchScreen.storyboard in Resources */ = {isa = PBXBuildFile; fileRef = 9ACE4AAE1CCF639200802D5C /* LaunchScreen.storyboard */; };
/* End PBXBuildFile section */

/* Begin PBXFileReference section */
		9A0920831CE195E10079523F /* CYEssenceViewController.h */ = {isa = PBXFileReference; fileEncoding = 4; lastKnownFileType = sourcecode.c.h; path = CYEssenceViewController.h; sourceTree = "<group>"; };
		9A0920841CE195E10079523F /* CYEssenceViewController.m */ = {isa = PBXFileReference; fileEncoding = 4; lastKnownFileType = sourcecode.c.objc; path = CYEssenceViewController.m; sourceTree = "<group>"; };
		9A0920891CE195E10079523F /* CYFriendTendsViewController.h */ = {isa = PBXFileReference; fileEncoding = 4; lastKnownFileType = sourcecode.c.h; path = CYFriendTendsViewController.h; sourceTree = "<group>"; };
		9A09208A1CE195E10079523F /* CYFriendTendsViewController.m */ = {isa = PBXFileReference; fileEncoding = 4; lastKnownFileType = sourcecode.c.objc; path = CYFriendTendsViewController.m; sourceTree = "<group>"; };
		9A09208F1CE195E10079523F /* CYMeViewController.h */ = {isa = PBXFileReference; fileEncoding = 4; lastKnownFileType = sourcecode.c.h; path = CYMeViewController.h; sourceTree = "<group>"; };
		9A0920901CE195E10079523F /* CYMeViewController.m */ = {isa = PBXFileReference; fileEncoding = 4; lastKnownFileType = sourcecode.c.objc; path = CYMeViewController.m; sourceTree = "<group>"; };
		9A0920951CE195E10079523F /* CYNewViewController.h */ = {isa = PBXFileReference; fileEncoding = 4; lastKnownFileType = sourcecode.c.h; path = CYNewViewController.h; sourceTree = "<group>"; };
		9A0920961CE195E10079523F /* CYNewViewController.m */ = {isa = PBXFileReference; fileEncoding = 4; lastKnownFileType = sourcecode.c.objc; path = CYNewViewController.m; sourceTree = "<group>"; };
		9A09209A1CE195E10079523F /* AppDelegate.h */ = {isa = PBXFileReference; fileEncoding = 4; lastKnownFileType = sourcecode.c.h; path = AppDelegate.h; sourceTree = "<group>"; };
		9A09209B1CE195E10079523F /* AppDelegate.m */ = {isa = PBXFileReference; fileEncoding = 4; lastKnownFileType = sourcecode.c.objc; path = AppDelegate.m; sourceTree = "<group>"; };
		9A09209D1CE195E10079523F /* UIBarButtonItem+CYExtension.h */ = {isa = PBXFileReference; fileEncoding = 4; lastKnownFileType = sourcecode.c.h; path = "UIBarButtonItem+CYExtension.h"; sourceTree = "<group>"; };
		9A09209E1CE195E10079523F /* UIBarButtonItem+CYExtension.m */ = {isa = PBXFileReference; fileEncoding = 4; lastKnownFileType = sourcecode.c.objc; path = "UIBarButtonItem+CYExtension.m"; sourceTree = "<group>"; };
		9A09209F1CE195E10079523F /* UIView+CYExtension.h */ = {isa = PBXFileReference; fileEncoding = 4; lastKnownFileType = sourcecode.c.h; path = "UIView+CYExtension.h"; sourceTree = "<group>"; };
		9A0920A01CE195E10079523F /* UIView+CYExtension.m */ = {isa = PBXFileReference; fileEncoding = 4; lastKnownFileType = sourcecode.c.objc; path = "UIView+CYExtension.m"; sourceTree = "<group>"; };
		9A0920A21CE195E10079523F /* CYTabBarController.h */ = {isa = PBXFileReference; fileEncoding = 4; lastKnownFileType = sourcecode.c.h; path = CYTabBarController.h; sourceTree = "<group>"; };
		9A0920A31CE195E10079523F /* CYTabBarController.m */ = {isa = PBXFileReference; fileEncoding = 4; lastKnownFileType = sourcecode.c.objc; path = CYTabBarController.m; sourceTree = "<group>"; };
		9A0920A41CE195E10079523F /* main.m */ = {isa = PBXFileReference; fileEncoding = 4; lastKnownFileType = sourcecode.c.objc; path = main.m; sourceTree = "<group>"; };
		9A0920A51CE195E10079523F /* PrefixHeader.pch */ = {isa = PBXFileReference; fileEncoding = 4; lastKnownFileType = sourcecode.c.h; path = PrefixHeader.pch; sourceTree = "<group>"; };
		9A0920A71CE195E10079523F /* CYTabBar.h */ = {isa = PBXFileReference; fileEncoding = 4; lastKnownFileType = sourcecode.c.h; path = CYTabBar.h; sourceTree = "<group>"; };
		9A0920A81CE195E10079523F /* CYTabBar.m */ = {isa = PBXFileReference; fileEncoding = 4; lastKnownFileType = sourcecode.c.objc; path = CYTabBar.m; sourceTree = "<group>"; };
		9A0920B31CE1DDBA0079523F /* CYNavigationController.h */ = {isa = PBXFileReference; fileEncoding = 4; lastKnownFileType = sourcecode.c.h; path = CYNavigationController.h; sourceTree = "<group>"; };
		9A0920B41CE1DDBA0079523F /* CYNavigationController.m */ = {isa = PBXFileReference; fileEncoding = 4; lastKnownFileType = sourcecode.c.objc; path = CYNavigationController.m; sourceTree = "<group>"; };
		9AA2B7CE1CE5833A00E223C4 /* CYFriendTendsViewController.xib */ = {isa = PBXFileReference; fileEncoding = 4; lastKnownFileType = file.xib; path = CYFriendTendsViewController.xib; sourceTree = "<group>"; };
		9ACE4A9D1CCF639200802D5C /* 百思不得姐.app */ = {isa = PBXFileReference; explicitFileType = wrapper.application; includeInIndex = 0; path = "百思不得姐.app"; sourceTree = BUILT_PRODUCTS_DIR; };
		9ACE4AAC1CCF639200802D5C /* Assets.xcassets */ = {isa = PBXFileReference; lastKnownFileType = folder.assetcatalog; path = Assets.xcassets; sourceTree = "<group>"; };
		9ACE4AAF1CCF639200802D5C /* Base */ = {isa = PBXFileReference; lastKnownFileType = file.storyboard; name = Base; path = Base.lproj/LaunchScreen.storyboard; sourceTree = "<group>"; };
		9ACE4AB11CCF639200802D5C /* Info.plist */ = {isa = PBXFileReference; lastKnownFileType = text.plist.xml; path = Info.plist; sourceTree = "<group>"; };
/* End PBXFileReference section */

/* Begin PBXFrameworksBuildPhase section */
		9ACE4A9A1CCF639200802D5C /* Frameworks */ = {
			isa = PBXFrameworksBuildPhase;
			buildActionMask = 2147483647;
			files = (
			);
			runOnlyForDeploymentPostprocessing = 0;
		};
/* End PBXFrameworksBuildPhase section */

/* Begin PBXGroup section */
		9A0920801CE195E10079523F /* Classes */ = {
			isa = PBXGroup;
			children = (
				9A0920811CE195E10079523F /* Essence-精华 */,
				9A0920931CE195E10079523F /* New-新帖 */,
				9A0920871CE195E10079523F /* FriendTends-关注 */,
				9A09208D1CE195E10079523F /* Me-我 */,
				9A0920991CE195E10079523F /* Other */,
			);
			path = Classes;
			sourceTree = "<group>";
		};
		9A0920811CE195E10079523F /* Essence-精华 */ = {
			isa = PBXGroup;
			children = (
				9A0920821CE195E10079523F /* Controller */,
				9A0920851CE195E10079523F /* Mode */,
				9A0920861CE195E10079523F /* View */,
			);
			path = "Essence-精华";
			sourceTree = "<group>";
		};
		9A0920821CE195E10079523F /* Controller */ = {
			isa = PBXGroup;
			children = (
				9A0920831CE195E10079523F /* CYEssenceViewController.h */,
				9A0920841CE195E10079523F /* CYEssenceViewController.m */,
			);
			path = Controller;
			sourceTree = "<group>";
		};
		9A0920851CE195E10079523F /* Mode */ = {
			isa = PBXGroup;
			children = (
			);
			path = Mode;
			sourceTree = "<group>";
		};
		9A0920861CE195E10079523F /* View */ = {
			isa = PBXGroup;
			children = (
			);
			path = View;
			sourceTree = "<group>";
		};
		9A0920871CE195E10079523F /* FriendTends-关注 */ = {
			isa = PBXGroup;
			children = (
				9A0920881CE195E10079523F /* Controller */,
				9A09208B1CE195E10079523F /* Mode */,
				9A09208C1CE195E10079523F /* View */,
			);
			path = "FriendTends-关注";
			sourceTree = "<group>";
		};
		9A0920881CE195E10079523F /* Controller */ = {
			isa = PBXGroup;
			children = (
				9A0920891CE195E10079523F /* CYFriendTendsViewController.h */,
				9A09208A1CE195E10079523F /* CYFriendTendsViewController.m */,
				9AA2B7CE1CE5833A00E223C4 /* CYFriendTendsViewController.xib */,
			);
			path = Controller;
			sourceTree = "<group>";
		};
		9A09208B1CE195E10079523F /* Mode */ = {
			isa = PBXGroup;
			children = (
			);
			path = Mode;
			sourceTree = "<group>";
		};
		9A09208C1CE195E10079523F /* View */ = {
			isa = PBXGroup;
			children = (
			);
			path = View;
			sourceTree = "<group>";
		};
		9A09208D1CE195E10079523F /* Me-我 */ = {
			isa = PBXGroup;
			children = (
				9A09208E1CE195E10079523F /* Controller */,
				9A0920911CE195E10079523F /* Mode */,
				9A0920921CE195E10079523F /* View */,
			);
			path = "Me-我";
			sourceTree = "<group>";
		};
		9A09208E1CE195E10079523F /* Controller */ = {
			isa = PBXGroup;
			children = (
				9A09208F1CE195E10079523F /* CYMeViewController.h */,
				9A0920901CE195E10079523F /* CYMeViewController.m */,
			);
			path = Controller;
			sourceTree = "<group>";
		};
		9A0920911CE195E10079523F /* Mode */ = {
			isa = PBXGroup;
			children = (
			);
			path = Mode;
			sourceTree = "<group>";
		};
		9A0920921CE195E10079523F /* View */ = {
			isa = PBXGroup;
			children = (
			);
			path = View;
			sourceTree = "<group>";
		};
		9A0920931CE195E10079523F /* New-新帖 */ = {
			isa = PBXGroup;
			children = (
				9A0920941CE195E10079523F /* Controller */,
				9A0920971CE195E10079523F /* Mode */,
				9A0920981CE195E10079523F /* View */,
			);
			path = "New-新帖";
			sourceTree = "<group>";
		};
		9A0920941CE195E10079523F /* Controller */ = {
			isa = PBXGroup;
			children = (
				9A0920951CE195E10079523F /* CYNewViewController.h */,
				9A0920961CE195E10079523F /* CYNewViewController.m */,
			);
			path = Controller;
			sourceTree = "<group>";
		};
		9A0920971CE195E10079523F /* Mode */ = {
			isa = PBXGroup;
			children = (
			);
			path = Mode;
			sourceTree = "<group>";
		};
		9A0920981CE195E10079523F /* View */ = {
			isa = PBXGroup;
			children = (
			);
			path = View;
			sourceTree = "<group>";
		};
		9A0920991CE195E10079523F /* Other */ = {
			isa = PBXGroup;
			children = (
				9A0920A11CE195E10079523F /* Controller */,
				9A0920A61CE195E10079523F /* View */,
				9A09209C1CE195E10079523F /* Category */,
				9A09209A1CE195E10079523F /* AppDelegate.h */,
				9A09209B1CE195E10079523F /* AppDelegate.m */,
				9A0920A41CE195E10079523F /* main.m */,
				9A0920A51CE195E10079523F /* PrefixHeader.pch */,
			);
			path = Other;
			sourceTree = "<group>";
		};
		9A09209C1CE195E10079523F /* Category */ = {
			isa = PBXGroup;
			children = (
				9A09209D1CE195E10079523F /* UIBarButtonItem+CYExtension.h */,
				9A09209E1CE195E10079523F /* UIBarButtonItem+CYExtension.m */,
				9A09209F1CE195E10079523F /* UIView+CYExtension.h */,
				9A0920A01CE195E10079523F /* UIView+CYExtension.m */,
			);
			path = Category;
			sourceTree = "<group>";
		};
		9A0920A11CE195E10079523F /* Controller */ = {
			isa = PBXGroup;
			children = (
				9A0920A21CE195E10079523F /* CYTabBarController.h */,
				9A0920A31CE195E10079523F /* CYTabBarController.m */,
				9A0920B31CE1DDBA0079523F /* CYNavigationController.h */,
				9A0920B41CE1DDBA0079523F /* CYNavigationController.m */,
			);
			path = Controller;
			sourceTree = "<group>";
		};
		9A0920A61CE195E10079523F /* View */ = {
			isa = PBXGroup;
			children = (
				9A0920A71CE195E10079523F /* CYTabBar.h */,
				9A0920A81CE195E10079523F /* CYTabBar.m */,
			);
			path = View;
			sourceTree = "<group>";
		};
		9ACE4A941CCF639200802D5C = {
			isa = PBXGroup;
			children = (
				9ACE4A9F1CCF639200802D5C /* 百思不得姐 */,
				9ACE4A9E1CCF639200802D5C /* Products */,
			);
			sourceTree = "<group>";
		};
		9ACE4A9E1CCF639200802D5C /* Products */ = {
			isa = PBXGroup;
			children = (
				9ACE4A9D1CCF639200802D5C /* 百思不得姐.app */,
			);
			name = Products;
			sourceTree = "<group>";
		};
		9ACE4A9F1CCF639200802D5C /* 百思不得姐 */ = {
			isa = PBXGroup;
			children = (
				9ACE4AA01CCF639200802D5C /* Supporting Files */,
			);
			path = "百思不得姐";
			sourceTree = "<group>";
		};
		9ACE4AA01CCF639200802D5C /* Supporting Files */ = {
			isa = PBXGroup;
			children = (
				9A0920801CE195E10079523F /* Classes */,
				9ACE4AAC1CCF639200802D5C /* Assets.xcassets */,
				9ACE4AAE1CCF639200802D5C /* LaunchScreen.storyboard */,
				9ACE4AB11CCF639200802D5C /* Info.plist */,
			);
			name = "Supporting Files";
			sourceTree = "<group>";
		};
/* End PBXGroup section */

/* Begin PBXNativeTarget section */
		9ACE4A9C1CCF639200802D5C /* 百思不得姐 */ = {
			isa = PBXNativeTarget;
			buildConfigurationList = 9ACE4AB41CCF639200802D5C /* Build configuration list for PBXNativeTarget "百思不得姐" */;
			buildPhases = (
				9ACE4A991CCF639200802D5C /* Sources */,
				9ACE4A9A1CCF639200802D5C /* Frameworks */,
				9ACE4A9B1CCF639200802D5C /* Resources */,
			);
			buildRules = (
			);
			dependencies = (
			);
			name = "百思不得姐";
			productName = "百思不得姐";
			productReference = 9ACE4A9D1CCF639200802D5C /* 百思不得姐.app */;
			productType = "com.apple.product-type.application";
		};
/* End PBXNativeTarget section */

/* Begin PBXProject section */
		9ACE4A951CCF639200802D5C /* Project object */ = {
			isa = PBXProject;
			attributes = {
				CLASSPREFIX = CY;
				LastUpgradeCheck = 0720;
				ORGANIZATIONNAME = PALMFUN;
				TargetAttributes = {
					9ACE4A9C1CCF639200802D5C = {
						CreatedOnToolsVersion = 7.2.1;
						DevelopmentTeam = 49Y546W8ZD;
					};
				};
			};
			buildConfigurationList = 9ACE4A981CCF639200802D5C /* Build configuration list for PBXProject "百思不得姐" */;
			compatibilityVersion = "Xcode 3.2";
			developmentRegion = English;
			hasScannedForEncodings = 0;
			knownRegions = (
				en,
				Base,
			);
			mainGroup = 9ACE4A941CCF639200802D5C;
			productRefGroup = 9ACE4A9E1CCF639200802D5C /* Products */;
			projectDirPath = "";
			projectRoot = "";
			targets = (
				9ACE4A9C1CCF639200802D5C /* 百思不得姐 */,
			);
		};
/* End PBXProject section */

/* Begin PBXResourcesBuildPhase section */
		9ACE4A9B1CCF639200802D5C /* Resources */ = {
			isa = PBXResourcesBuildPhase;
			buildActionMask = 2147483647;
			files = (
				9ACE4AB01CCF639200802D5C /* LaunchScreen.storyboard in Resources */,
				9AA2B7CF1CE5833A00E223C4 /* CYFriendTendsViewController.xib in Resources */,
				9ACE4AAD1CCF639200802D5C /* Assets.xcassets in Resources */,
			);
			runOnlyForDeploymentPostprocessing = 0;
		};
/* End PBXResourcesBuildPhase section */

/* Begin PBXSourcesBuildPhase section */
		9ACE4A991CCF639200802D5C /* Sources */ = {
			isa = PBXSourcesBuildPhase;
			buildActionMask = 2147483647;
			files = (
				9A0920A91CE195E10079523F /* CYEssenceViewController.m in Sources */,
				9A0920B51CE1DDBA0079523F /* CYNavigationController.m in Sources */,
				9A0920AC1CE195E10079523F /* CYNewViewController.m in Sources */,
				9A0920AA1CE195E10079523F /* CYFriendTendsViewController.m in Sources */,
				9A0920B01CE195E10079523F /* CYTabBarController.m in Sources */,
				9A0920AB1CE195E10079523F /* CYMeViewController.m in Sources */,
				9A0920B21CE195E10079523F /* CYTabBar.m in Sources */,
				9A0920AE1CE195E10079523F /* UIBarButtonItem+CYExtension.m in Sources */,
				9A0920AD1CE195E10079523F /* AppDelegate.m in Sources */,
				9A0920B11CE195E10079523F /* main.m in Sources */,
				9A0920AF1CE195E10079523F /* UIView+CYExtension.m in Sources */,
			);
			runOnlyForDeploymentPostprocessing = 0;
		};
/* End PBXSourcesBuildPhase section */

/* Begin PBXVariantGroup section */
		9ACE4AAE1CCF639200802D5C /* LaunchScreen.storyboard */ = {
			isa = PBXVariantGroup;
			children = (
				9ACE4AAF1CCF639200802D5C /* Base */,
			);
			name = LaunchScreen.storyboard;
			sourceTree = "<group>";
		};
/* End PBXVariantGroup section */

/* Begin XCBuildConfiguration section */
		9ACE4AB21CCF639200802D5C /* Debug */ = {
			isa = XCBuildConfiguration;
			buildSettings = {
				ALWAYS_SEARCH_USER_PATHS = NO;
				CLANG_CXX_LANGUAGE_STANDARD = "gnu++0x";
				CLANG_CXX_LIBRARY = "libc++";
				CLANG_ENABLE_MODULES = YES;
				CLANG_ENABLE_OBJC_ARC = YES;
				CLANG_WARN_BOOL_CONVERSION = YES;
				CLANG_WARN_CONSTANT_CONVERSION = YES;
				CLANG_WARN_DIRECT_OBJC_ISA_USAGE = YES_ERROR;
				CLANG_WARN_EMPTY_BODY = YES;
				CLANG_WARN_ENUM_CONVERSION = YES;
				CLANG_WARN_INT_CONVERSION = YES;
				CLANG_WARN_OBJC_ROOT_CLASS = YES_ERROR;
				CLANG_WARN_UNREACHABLE_CODE = YES;
				CLANG_WARN__DUPLICATE_METHOD_MATCH = YES;
				"CODE_SIGN_IDENTITY[sdk=iphoneos*]" = "iPhone Developer";
				COPY_PHASE_STRIP = NO;
				DEBUG_INFORMATION_FORMAT = dwarf;
				ENABLE_STRICT_OBJC_MSGSEND = YES;
				ENABLE_TESTABILITY = YES;
				GCC_C_LANGUAGE_STANDARD = gnu99;
				GCC_DYNAMIC_NO_PIC = NO;
				GCC_NO_COMMON_BLOCKS = YES;
				GCC_OPTIMIZATION_LEVEL = 0;
				GCC_PREPROCESSOR_DEFINITIONS = (
					"DEBUG=1",
					"$(inherited)",
				);
				GCC_WARN_64_TO_32_BIT_CONVERSION = YES;
				GCC_WARN_ABOUT_RETURN_TYPE = YES_ERROR;
				GCC_WARN_UNDECLARED_SELECTOR = YES;
				GCC_WARN_UNINITIALIZED_AUTOS = YES_AGGRESSIVE;
				GCC_WARN_UNUSED_FUNCTION = YES;
				GCC_WARN_UNUSED_VARIABLE = YES;
				IPHONEOS_DEPLOYMENT_TARGET = 9.2;
				MTL_ENABLE_DEBUG_INFO = YES;
				ONLY_ACTIVE_ARCH = YES;
				SDKROOT = iphoneos;
			};
			name = Debug;
		};
		9ACE4AB31CCF639200802D5C /* Release */ = {
			isa = XCBuildConfiguration;
			buildSettings = {
				ALWAYS_SEARCH_USER_PATHS = NO;
				CLANG_CXX_LANGUAGE_STANDARD = "gnu++0x";
				CLANG_CXX_LIBRARY = "libc++";
				CLANG_ENABLE_MODULES = YES;
				CLANG_ENABLE_OBJC_ARC = YES;
				CLANG_WARN_BOOL_CONVERSION = YES;
				CLANG_WARN_CONSTANT_CONVERSION = YES;
				CLANG_WARN_DIRECT_OBJC_ISA_USAGE = YES_ERROR;
				CLANG_WARN_EMPTY_BODY = YES;
				CLANG_WARN_ENUM_CONVERSION = YES;
				CLANG_WARN_INT_CONVERSION = YES;
				CLANG_WARN_OBJC_ROOT_CLASS = YES_ERROR;
				CLANG_WARN_UNREACHABLE_CODE = YES;
				CLANG_WARN__DUPLICATE_METHOD_MATCH = YES;
				"CODE_SIGN_IDENTITY[sdk=iphoneos*]" = "iPhone Developer";
				COPY_PHASE_STRIP = NO;
				DEBUG_INFORMATION_FORMAT = "dwarf-with-dsym";
				ENABLE_NS_ASSERTIONS = NO;
				ENABLE_STRICT_OBJC_MSGSEND = YES;
				GCC_C_LANGUAGE_STANDARD = gnu99;
				GCC_NO_COMMON_BLOCKS = YES;
				GCC_WARN_64_TO_32_BIT_CONVERSION = YES;
				GCC_WARN_ABOUT_RETURN_TYPE = YES_ERROR;
				GCC_WARN_UNDECLARED_SELECTOR = YES;
				GCC_WARN_UNINITIALIZED_AUTOS = YES_AGGRESSIVE;
				GCC_WARN_UNUSED_FUNCTION = YES;
				GCC_WARN_UNUSED_VARIABLE = YES;
				IPHONEOS_DEPLOYMENT_TARGET = 9.2;
				MTL_ENABLE_DEBUG_INFO = NO;
				SDKROOT = iphoneos;
				VALIDATE_PRODUCT = YES;
			};
			name = Release;
		};
		9ACE4AB51CCF639200802D5C /* Debug */ = {
			isa = XCBuildConfiguration;
			buildSettings = {
				ASSETCATALOG_COMPILER_APPICON_NAME = AppIcon;
				ASSETCATALOG_COMPILER_LAUNCHIMAGE_NAME = LaunchImage;
				GCC_PREFIX_HEADER = "百思不得姐/Classes/Other/PrefixHeader.pch";
				INFOPLIST_FILE = "百思不得姐/Info.plist";
				LD_RUNPATH_SEARCH_PATHS = "$(inherited) @executable_path/Frameworks";
				PRODUCT_BUNDLE_IDENTIFIER = "cn.com.palmfun.-----";
				PRODUCT_NAME = "$(TARGET_NAME)";
			};
			name = Debug;
		};
		9ACE4AB61CCF639200802D5C /* Release */ = {
			isa = XCBuildConfiguration;
			buildSettings = {
				ASSETCATALOG_COMPILER_APPICON_NAME = AppIcon;
				ASSETCATALOG_COMPILER_LAUNCHIMAGE_NAME = LaunchImage;
				GCC_PREFIX_HEADER = "百思不得姐/Classes/Other/PrefixHeader.pch";
				INFOPLIST_FILE = "百思不得姐/Info.plist";
				LD_RUNPATH_SEARCH_PATHS = "$(inherited) @executable_path/Frameworks";
				PRODUCT_BUNDLE_IDENTIFIER = "cn.com.palmfun.-----";
				PRODUCT_NAME = "$(TARGET_NAME)";
			};
			name = Release;
		};
/* End XCBuildConfiguration section */

/* Begin XCConfigurationList section */
		9ACE4A981CCF639200802D5C /* Build configuration list for PBXProject "百思不得姐" */ = {
			isa = XCConfigurationList;
			buildConfigurations = (
				9ACE4AB21CCF639200802D5C /* Debug */,
				9ACE4AB31CCF639200802D5C /* Release */,
			);
			defaultConfigurationIsVisible = 0;
			defaultConfigurationName = Release;
		};
		9ACE4AB41CCF639200802D5C /* Build configuration list for PBXNativeTarget "百思不得姐" */ = {
			isa = XCConfigurationList;
			buildConfigurations = (
				9ACE4AB51CCF639200802D5C /* Debug */,
				9ACE4AB61CCF639200802D5C /* Release */,
			);
			defaultConfigurationIsVisible = 0;
			defaultConfigurationName = Release;
		};
/* End XCConfigurationList section */
	};
	rootObject = 9ACE4A951CCF639200802D5C /* Project object */;
}
